
Microsoft Visual Studio Solution File, Format Version 12.00
# Visual Studio Version 16
VisualStudioVersion = 16.0.32228.343
MinimumVisualStudioVersion = 10.0.40219.1
Project("{FAE04EC0-301F-11D3-BF4B-00C04F79EFBC}") = "intetics_test", "intetics_test\intetics_test.csproj", "{F45DBC67-B176-496B-A5A2-C483E16BC0CE}"
EndProject
Global
	GlobalSection(SolutionConfigurationPlatforms) = preSolution
		Debug|Any CPU = Debug|Any CPU
		Release|Any CPU = Release|Any CPU
	EndGlobalSection
	GlobalSection(ProjectConfigurationPlatforms) = postSolution
		{F45DBC67-B176-496B-A5A2-C483E16BC0CE}.Debug|Any CPU.ActiveCfg = Debug|Any CPU
		{F45DBC67-B176-496B-A5A2-C483E16BC0CE}.Debug|Any CPU.Build.0 = Debug|Any CPU
		{F45DBC67-B176-496B-A5A2-C483E16BC0CE}.Release|Any CPU.ActiveCfg = Release|Any CPU
		{F45DBC67-B176-496B-A5A2-C483E16BC0CE}.Release|Any CPU.Build.0 = Release|Any CPU
	EndGlobalSection
	GlobalSection(SolutionProperties) = preSolution
		HideSolutionNode = FALSE
	EndGlobalSection
	GlobalSection(ExtensibilityGlobals) = postSolution
		SolutionGuid = {34210EAA-509B-42F6-8A7E-5C066FAD420D}
	EndGlobalSection
EndGlobal
